
Microsoft Visual Studio Solution File, Format Version 12.00
Project("{2150E333-8FDC-42A3-9474-1A3956D46DE8}") = "BLL", "BLL", "{CB6A6ECE-C08C-4077-8C5A-DCA80167DDFD}"
EndProject
Project("{2150E333-8FDC-42A3-9474-1A3956D46DE8}") = "DAL", "DAL", "{69DD1F61-E4C6-42BB-B2A6-9D03373E4B80}"
EndProject
Project("{2150E333-8FDC-42A3-9474-1A3956D46DE8}") = "PL", "PL", "{7AD103E6-25F5-4836-97E7-E3D0D6077620}"
EndProject
Project("{2150E333-8FDC-42A3-9474-1A3956D46DE8}") = "Common", "Common", "{CB8A0FEE-4B75-48A1-A39A-02E6E761C8D1}"
EndProject
Project("{FAE04EC0-301F-11D3-BF4B-00C04F79EFBC}") = "BLL.Logic", "BLL.Logic\BLL.Logic.csproj", "{43ADDF44-F3D0-46DA-B4C0-1316F11F6224}"
EndProject
Project("{FAE04EC0-301F-11D3-BF4B-00C04F79EFBC}") = "DataTransferObjects", "DataTransferObjects\DataTransferObjects.csproj", "{984A107F-7369-4E86-9FA8-EC9717F569C4}"
EndProject
Project("{FAE04EC0-301F-11D3-BF4B-00C04F79EFBC}") = "DAL.EF", "DAL.EF\DAL.EF.csproj", "{BAF51105-0F43-4DEF-B441-2A5C2E766F5D}"
EndProject
Project("{FAE04EC0-301F-11D3-BF4B-00C04F79EFBC}") = "PL.ASP.MVC", "PL.ASP.MVC\PL.ASP.MVC.csproj", "{BD58776C-25D8-4D10-A1C7-35596A0635C1}"
EndProject
Project("{FAE04EC0-301F-11D3-BF4B-00C04F79EFBC}") = "DAL.Interfaces", "DAL.Interfaces\DAL.Interfaces.csproj", "{3CF93F58-2A0C-437A-8575-AE28E6A69E9E}"
EndProject
Project("{FAE04EC0-301F-11D3-BF4B-00C04F79EFBC}") = "DependencyResolving", "DependencyResolving\DependencyResolving.csproj", "{9F549450-C2CF-4B1C-AAA7-1DCA20BE02C8}"
EndProject
Project("{FAE04EC0-301F-11D3-BF4B-00C04F79EFBC}") = "BLL.Interfaces", "BLL.Interfaces\BLL.Interfaces.csproj", "{842DC460-1AB9-4FE9-AF45-7F8CA4F96A01}"
EndProject
Global
	GlobalSection(SolutionConfigurationPlatforms) = preSolution
		Debug|Any CPU = Debug|Any CPU
		Release|Any CPU = Release|Any CPU
	EndGlobalSection
	GlobalSection(NestedProjects) = preSolution
		{43ADDF44-F3D0-46DA-B4C0-1316F11F6224} = {CB6A6ECE-C08C-4077-8C5A-DCA80167DDFD}
		{984A107F-7369-4E86-9FA8-EC9717F569C4} = {CB8A0FEE-4B75-48A1-A39A-02E6E761C8D1}
		{BAF51105-0F43-4DEF-B441-2A5C2E766F5D} = {69DD1F61-E4C6-42BB-B2A6-9D03373E4B80}
		{BD58776C-25D8-4D10-A1C7-35596A0635C1} = {7AD103E6-25F5-4836-97E7-E3D0D6077620}
		{3CF93F58-2A0C-437A-8575-AE28E6A69E9E} = {69DD1F61-E4C6-42BB-B2A6-9D03373E4B80}
		{9F549450-C2CF-4B1C-AAA7-1DCA20BE02C8} = {CB8A0FEE-4B75-48A1-A39A-02E6E761C8D1}
		{842DC460-1AB9-4FE9-AF45-7F8CA4F96A01} = {CB6A6ECE-C08C-4077-8C5A-DCA80167DDFD}
	EndGlobalSection
	GlobalSection(ProjectConfigurationPlatforms) = postSolution
		{43ADDF44-F3D0-46DA-B4C0-1316F11F6224}.Debug|Any CPU.ActiveCfg = Debug|Any CPU
		{43ADDF44-F3D0-46DA-B4C0-1316F11F6224}.Debug|Any CPU.Build.0 = Debug|Any CPU
		{43ADDF44-F3D0-46DA-B4C0-1316F11F6224}.Release|Any CPU.ActiveCfg = Release|Any CPU
		{43ADDF44-F3D0-46DA-B4C0-1316F11F6224}.Release|Any CPU.Build.0 = Release|Any CPU
		{984A107F-7369-4E86-9FA8-EC9717F569C4}.Debug|Any CPU.ActiveCfg = Debug|Any CPU
		{984A107F-7369-4E86-9FA8-EC9717F569C4}.Debug|Any CPU.Build.0 = Debug|Any CPU
		{984A107F-7369-4E86-9FA8-EC9717F569C4}.Release|Any CPU.ActiveCfg = Release|Any CPU
		{984A107F-7369-4E86-9FA8-EC9717F569C4}.Release|Any CPU.Build.0 = Release|Any CPU
		{BAF51105-0F43-4DEF-B441-2A5C2E766F5D}.Debug|Any CPU.ActiveCfg = Debug|Any CPU
		{BAF51105-0F43-4DEF-B441-2A5C2E766F5D}.Debug|Any CPU.Build.0 = Debug|Any CPU
		{BAF51105-0F43-4DEF-B441-2A5C2E766F5D}.Release|Any CPU.ActiveCfg = Release|Any CPU
		{BAF51105-0F43-4DEF-B441-2A5C2E766F5D}.Release|Any CPU.Build.0 = Release|Any CPU
		{BD58776C-25D8-4D10-A1C7-35596A0635C1}.Debug|Any CPU.ActiveCfg = Debug|Any CPU
		{BD58776C-25D8-4D10-A1C7-35596A0635C1}.Debug|Any CPU.Build.0 = Debug|Any CPU
		{BD58776C-25D8-4D10-A1C7-35596A0635C1}.Release|Any CPU.ActiveCfg = Release|Any CPU
		{BD58776C-25D8-4D10-A1C7-35596A0635C1}.Release|Any CPU.Build.0 = Release|Any CPU
		{3CF93F58-2A0C-437A-8575-AE28E6A69E9E}.Debug|Any CPU.ActiveCfg = Debug|Any CPU
		{3CF93F58-2A0C-437A-8575-AE28E6A69E9E}.Debug|Any CPU.Build.0 = Debug|Any CPU
		{3CF93F58-2A0C-437A-8575-AE28E6A69E9E}.Release|Any CPU.ActiveCfg = Release|Any CPU
		{3CF93F58-2A0C-437A-8575-AE28E6A69E9E}.Release|Any CPU.Build.0 = Release|Any CPU
		{9F549450-C2CF-4B1C-AAA7-1DCA20BE02C8}.Debug|Any CPU.ActiveCfg = Debug|Any CPU
		{9F549450-C2CF-4B1C-AAA7-1DCA20BE02C8}.Debug|Any CPU.Build.0 = Debug|Any CPU
		{9F549450-C2CF-4B1C-AAA7-1DCA20BE02C8}.Release|Any CPU.ActiveCfg = Release|Any CPU
		{9F549450-C2CF-4B1C-AAA7-1DCA20BE02C8}.Release|Any CPU.Build.0 = Release|Any CPU
		{842DC460-1AB9-4FE9-AF45-7F8CA4F96A01}.Debug|Any CPU.ActiveCfg = Debug|Any CPU
		{842DC460-1AB9-4FE9-AF45-7F8CA4F96A01}.Debug|Any CPU.Build.0 = Debug|Any CPU
		{842DC460-1AB9-4FE9-AF45-7F8CA4F96A01}.Release|Any CPU.ActiveCfg = Release|Any CPU
		{842DC460-1AB9-4FE9-AF45-7F8CA4F96A01}.Release|Any CPU.Build.0 = Release|Any CPU
	EndGlobalSection
EndGlobal
